
Microsoft Visual Studio Solution File, Format Version 12.00
# Visual Studio Version 17
VisualStudioVersion = 17.7.34024.191
MinimumVisualStudioVersion = 10.0.40219.1
Project("{FAE04EC0-301F-11D3-BF4B-00C04F79EFBC}") = "T1-pregunta7-ventana", "T1-pregunta7-ventana\T1-pregunta7-ventana.csproj", "{F357224D-67FE-4DDA-B781-DBF94ED67DFE}"
EndProject
Global
	GlobalSection(SolutionConfigurationPlatforms) = preSolution
		Debug|Any CPU = Debug|Any CPU
		Release|Any CPU = Release|Any CPU
	EndGlobalSection
	GlobalSection(ProjectConfigurationPlatforms) = postSolution
		{F357224D-67FE-4DDA-B781-DBF94ED67DFE}.Debug|Any CPU.ActiveCfg = Debug|Any CPU
		{F357224D-67FE-4DDA-B781-DBF94ED67DFE}.Debug|Any CPU.Build.0 = Debug|Any CPU
		{F357224D-67FE-4DDA-B781-DBF94ED67DFE}.Release|Any CPU.ActiveCfg = Release|Any CPU
		{F357224D-67FE-4DDA-B781-DBF94ED67DFE}.Release|Any CPU.Build.0 = Release|Any CPU
	EndGlobalSection
	GlobalSection(SolutionProperties) = preSolution
		HideSolutionNode = FALSE
	EndGlobalSection
	GlobalSection(ExtensibilityGlobals) = postSolution
		SolutionGuid = {4ECEB5BC-4770-4401-890F-E2C360FDBB20}
	EndGlobalSection
EndGlobal
